
Microsoft Visual Studio Solution File, Format Version 12.00
# Visual Studio Version 16
VisualStudioVersion = 16.0.31702.278
MinimumVisualStudioVersion = 10.0.40219.1
Project("{FAE04EC0-301F-11D3-BF4B-00C04F79EFBC}") = "Panc_Denisa_Lab10.Android", "Panc_Denisa_Lab10.Android\Panc_Denisa_Lab10.Android.csproj", "{C114CE81-1AE8-4243-A13C-D19E31C0D361}"
EndProject
Project("{FAE04EC0-301F-11D3-BF4B-00C04F79EFBC}") = "Panc_Denisa_Lab10.iOS", "Panc_Denisa_Lab10.iOS\Panc_Denisa_Lab10.iOS.csproj", "{F866FCD9-DDA2-4177-9B0C-EBD55E8435B2}"
EndProject
Project("{FAE04EC0-301F-11D3-BF4B-00C04F79EFBC}") = "Panc_Denisa_Lab10", "Panc_Denisa_Lab10\Panc_Denisa_Lab10.csproj", "{0DB47B01-ECF2-4D25-B001-28A6D48E87EB}"
EndProject
Global
	GlobalSection(SolutionConfigurationPlatforms) = preSolution
		Debug|Any CPU = Debug|Any CPU
		Debug|iPhone = Debug|iPhone
		Debug|iPhoneSimulator = Debug|iPhoneSimulator
		Release|Any CPU = Release|Any CPU
		Release|iPhone = Release|iPhone
		Release|iPhoneSimulator = Release|iPhoneSimulator
	EndGlobalSection
	GlobalSection(ProjectConfigurationPlatforms) = postSolution
		{C114CE81-1AE8-4243-A13C-D19E31C0D361}.Debug|Any CPU.ActiveCfg = Debug|Any CPU
		{C114CE81-1AE8-4243-A13C-D19E31C0D361}.Debug|Any CPU.Build.0 = Debug|Any CPU
		{C114CE81-1AE8-4243-A13C-D19E31C0D361}.Debug|Any CPU.Deploy.0 = Debug|Any CPU
		{C114CE81-1AE8-4243-A13C-D19E31C0D361}.Debug|iPhone.ActiveCfg = Debug|Any CPU
		{C114CE81-1AE8-4243-A13C-D19E31C0D361}.Debug|iPhone.Build.0 = Debug|Any CPU
		{C114CE81-1AE8-4243-A13C-D19E31C0D361}.Debug|iPhone.Deploy.0 = Debug|Any CPU
		{C114CE81-1AE8-4243-A13C-D19E31C0D361}.Debug|iPhoneSimulator.ActiveCfg = Debug|Any CPU
		{C114CE81-1AE8-4243-A13C-D19E31C0D361}.Debug|iPhoneSimulator.Build.0 = Debug|Any CPU
		{C114CE81-1AE8-4243-A13C-D19E31C0D361}.Debug|iPhoneSimulator.Deploy.0 = Debug|Any CPU
		{C114CE81-1AE8-4243-A13C-D19E31C0D361}.Release|Any CPU.ActiveCfg = Release|Any CPU
		{C114CE81-1AE8-4243-A13C-D19E31C0D361}.Release|Any CPU.Build.0 = Release|Any CPU
		{C114CE81-1AE8-4243-A13C-D19E31C0D361}.Release|Any CPU.Deploy.0 = Release|Any CPU
		{C114CE81-1AE8-4243-A13C-D19E31C0D361}.Release|iPhone.ActiveCfg = Release|Any CPU
		{C114CE81-1AE8-4243-A13C-D19E31C0D361}.Release|iPhone.Build.0 = Release|Any CPU
		{C114CE81-1AE8-4243-A13C-D19E31C0D361}.Release|iPhone.Deploy.0 = Release|Any CPU
		{C114CE81-1AE8-4243-A13C-D19E31C0D361}.Release|iPhoneSimulator.ActiveCfg = Release|Any CPU
		{C114CE81-1AE8-4243-A13C-D19E31C0D361}.Release|iPhoneSimulator.Build.0 = Release|Any CPU
		{C114CE81-1AE8-4243-A13C-D19E31C0D361}.Release|iPhoneSimulator.Deploy.0 = Release|Any CPU
		{F866FCD9-DDA2-4177-9B0C-EBD55E8435B2}.Debug|Any CPU.ActiveCfg = Debug|iPhone
		{F866FCD9-DDA2-4177-9B0C-EBD55E8435B2}.Debug|Any CPU.Build.0 = Debug|iPhone
		{F866FCD9-DDA2-4177-9B0C-EBD55E8435B2}.Debug|Any CPU.Deploy.0 = Debug|iPhone
		{F866FCD9-DDA2-4177-9B0C-EBD55E8435B2}.Debug|iPhone.ActiveCfg = Debug|iPhone
		{F866FCD9-DDA2-4177-9B0C-EBD55E8435B2}.Debug|iPhone.Build.0 = Debug|iPhone
		{F866FCD9-DDA2-4177-9B0C-EBD55E8435B2}.Debug|iPhone.Deploy.0 = Debug|iPhone
		{F866FCD9-DDA2-4177-9B0C-EBD55E8435B2}.Debug|iPhoneSimulator.ActiveCfg = Debug|iPhoneSimulator
		{F866FCD9-DDA2-4177-9B0C-EBD55E8435B2}.Debug|iPhoneSimulator.Build.0 = Debug|iPhoneSimulator
		{F866FCD9-DDA2-4177-9B0C-EBD55E8435B2}.Debug|iPhoneSimulator.Deploy.0 = Debug|iPhoneSimulator
		{F866FCD9-DDA2-4177-9B0C-EBD55E8435B2}.Release|Any CPU.ActiveCfg = Release|iPhoneSimulator
		{F866FCD9-DDA2-4177-9B0C-EBD55E8435B2}.Release|Any CPU.Build.0 = Release|iPhoneSimulator
		{F866FCD9-DDA2-4177-9B0C-EBD55E8435B2}.Release|Any CPU.Deploy.0 = Release|iPhoneSimulator
		{F866FCD9-DDA2-4177-9B0C-EBD55E8435B2}.Release|iPhone.ActiveCfg = Release|iPhone
		{F866FCD9-DDA2-4177-9B0C-EBD55E8435B2}.Release|iPhone.Build.0 = Release|iPhone
		{F866FCD9-DDA2-4177-9B0C-EBD55E8435B2}.Release|iPhone.Deploy.0 = Release|iPhone
		{F866FCD9-DDA2-4177-9B0C-EBD55E8435B2}.Release|iPhoneSimulator.ActiveCfg = Release|iPhoneSimulator
		{F866FCD9-DDA2-4177-9B0C-EBD55E8435B2}.Release|iPhoneSimulator.Build.0 = Release|iPhoneSimulator
		{F866FCD9-DDA2-4177-9B0C-EBD55E8435B2}.Release|iPhoneSimulator.Deploy.0 = Release|iPhoneSimulator
		{0DB47B01-ECF2-4D25-B001-28A6D48E87EB}.Debug|Any CPU.ActiveCfg = Debug|Any CPU
		{0DB47B01-ECF2-4D25-B001-28A6D48E87EB}.Debug|Any CPU.Build.0 = Debug|Any CPU
		{0DB47B01-ECF2-4D25-B001-28A6D48E87EB}.Debug|Any CPU.Deploy.0 = Debug|Any CPU
		{0DB47B01-ECF2-4D25-B001-28A6D48E87EB}.Debug|iPhone.ActiveCfg = Debug|Any CPU
		{0DB47B01-ECF2-4D25-B001-28A6D48E87EB}.Debug|iPhone.Build.0 = Debug|Any CPU
		{0DB47B01-ECF2-4D25-B001-28A6D48E87EB}.Debug|iPhone.Deploy.0 = Debug|Any CPU
		{0DB47B01-ECF2-4D25-B001-28A6D48E87EB}.Debug|iPhoneSimulator.ActiveCfg = Debug|Any CPU
		{0DB47B01-ECF2-4D25-B001-28A6D48E87EB}.Debug|iPhoneSimulator.Build.0 = Debug|Any CPU
		{0DB47B01-ECF2-4D25-B001-28A6D48E87EB}.Debug|iPhoneSimulator.Deploy.0 = Debug|Any CPU
		{0DB47B01-ECF2-4D25-B001-28A6D48E87EB}.Release|Any CPU.ActiveCfg = Release|Any CPU
		{0DB47B01-ECF2-4D25-B001-28A6D48E87EB}.Release|Any CPU.Build.0 = Release|Any CPU
		{0DB47B01-ECF2-4D25-B001-28A6D48E87EB}.Release|Any CPU.Deploy.0 = Release|Any CPU
		{0DB47B01-ECF2-4D25-B001-28A6D48E87EB}.Release|iPhone.ActiveCfg = Release|Any CPU
		{0DB47B01-ECF2-4D25-B001-28A6D48E87EB}.Release|iPhone.Build.0 = Release|Any CPU
		{0DB47B01-ECF2-4D25-B001-28A6D48E87EB}.Release|iPhone.Deploy.0 = Release|Any CPU
		{0DB47B01-ECF2-4D25-B001-28A6D48E87EB}.Release|iPhoneSimulator.ActiveCfg = Release|Any CPU
		{0DB47B01-ECF2-4D25-B001-28A6D48E87EB}.Release|iPhoneSimulator.Build.0 = Release|Any CPU
		{0DB47B01-ECF2-4D25-B001-28A6D48E87EB}.Release|iPhoneSimulator.Deploy.0 = Release|Any CPU
	EndGlobalSection
	GlobalSection(SolutionProperties) = preSolution
		HideSolutionNode = FALSE
	EndGlobalSection
	GlobalSection(ExtensibilityGlobals) = postSolution
		SolutionGuid = {D24363C3-8F58-448F-8BA5-6A1319FF649F}
	EndGlobalSection
EndGlobal
